
Microsoft Visual Studio Solution File, Format Version 12.00
# Visual Studio 15
VisualStudioVersion = 15.0.27130.2024
MinimumVisualStudioVersion = 10.0.40219.1
Project("{8BC9CEB8-8B4A-11D0-8D11-00A0C91BC942}") = "Fork System Call", "Fork System Call\Fork System Call.vcxproj", "{19C032E9-CB32-489C-AD8B-0EE8EBE65C1F}"
EndProject
Global
	GlobalSection(SolutionConfigurationPlatforms) = preSolution
		Debug|x64 = Debug|x64
		Debug|x86 = Debug|x86
		Release|x64 = Release|x64
		Release|x86 = Release|x86
	EndGlobalSection
	GlobalSection(ProjectConfigurationPlatforms) = postSolution
		{19C032E9-CB32-489C-AD8B-0EE8EBE65C1F}.Debug|x64.ActiveCfg = Debug|x64
		{19C032E9-CB32-489C-AD8B-0EE8EBE65C1F}.Debug|x64.Build.0 = Debug|x64
		{19C032E9-CB32-489C-AD8B-0EE8EBE65C1F}.Debug|x86.ActiveCfg = Debug|Win32
		{19C032E9-CB32-489C-AD8B-0EE8EBE65C1F}.Debug|x86.Build.0 = Debug|Win32
		{19C032E9-CB32-489C-AD8B-0EE8EBE65C1F}.Release|x64.ActiveCfg = Release|x64
		{19C032E9-CB32-489C-AD8B-0EE8EBE65C1F}.Release|x64.Build.0 = Release|x64
		{19C032E9-CB32-489C-AD8B-0EE8EBE65C1F}.Release|x86.ActiveCfg = Release|Win32
		{19C032E9-CB32-489C-AD8B-0EE8EBE65C1F}.Release|x86.Build.0 = Release|Win32
	EndGlobalSection
	GlobalSection(SolutionProperties) = preSolution
		HideSolutionNode = FALSE
	EndGlobalSection
	GlobalSection(ExtensibilityGlobals) = postSolution
		SolutionGuid = {97DB981F-4FDF-45DF-A97D-3B93F9B81BB7}
	EndGlobalSection
EndGlobal
