
Microsoft Visual Studio Solution File, Format Version 12.00
# Visual Studio 15
VisualStudioVersion = 15.0.27130.2024
MinimumVisualStudioVersion = 10.0.40219.1
Project("{8BC9CEB8-8B4A-11D0-8D11-00A0C91BC942}") = "First Windows Console Application", "First Windows Console Application\First Windows Console Application.vcxproj", "{FC3CC36C-FB8C-4DD8-BFC3-1B68E2135283}"
EndProject
Global
	GlobalSection(SolutionConfigurationPlatforms) = preSolution
		Debug|x64 = Debug|x64
		Debug|x86 = Debug|x86
		Release|x64 = Release|x64
		Release|x86 = Release|x86
	EndGlobalSection
	GlobalSection(ProjectConfigurationPlatforms) = postSolution
		{FC3CC36C-FB8C-4DD8-BFC3-1B68E2135283}.Debug|x64.ActiveCfg = Debug|x64
		{FC3CC36C-FB8C-4DD8-BFC3-1B68E2135283}.Debug|x64.Build.0 = Debug|x64
		{FC3CC36C-FB8C-4DD8-BFC3-1B68E2135283}.Debug|x86.ActiveCfg = Debug|Win32
		{FC3CC36C-FB8C-4DD8-BFC3-1B68E2135283}.Debug|x86.Build.0 = Debug|Win32
		{FC3CC36C-FB8C-4DD8-BFC3-1B68E2135283}.Release|x64.ActiveCfg = Release|x64
		{FC3CC36C-FB8C-4DD8-BFC3-1B68E2135283}.Release|x64.Build.0 = Release|x64
		{FC3CC36C-FB8C-4DD8-BFC3-1B68E2135283}.Release|x86.ActiveCfg = Release|Win32
		{FC3CC36C-FB8C-4DD8-BFC3-1B68E2135283}.Release|x86.Build.0 = Release|Win32
	EndGlobalSection
	GlobalSection(SolutionProperties) = preSolution
		HideSolutionNode = FALSE
	EndGlobalSection
	GlobalSection(ExtensibilityGlobals) = postSolution
		SolutionGuid = {3FBB8B1B-8A07-4FF5-9A4D-E73F1A4EA14B}
	EndGlobalSection
EndGlobal
